// !$*UTF8*$!
{
	archiveVersion = 1;
	classes = {
	};
	objectVersion = 56;
	objects = {

/* Begin PBXBuildFile section */
		2008F5B82AD5518A00BDD1A9 /* AppDelegate.swift in Sources */ = {isa = PBXBuildFile; fileRef = 2008F5B72AD5518A00BDD1A9 /* AppDelegate.swift */; };
		2008F5BA2AD5518A00BDD1A9 /* SceneDelegate.swift in Sources */ = {isa = PBXBuildFile; fileRef = 2008F5B92AD5518A00BDD1A9 /* SceneDelegate.swift */; };
		2008F5BC2AD5518A00BDD1A9 /* ListViewController.swift in Sources */ = {isa = PBXBuildFile; fileRef = 2008F5BB2AD5518A00BDD1A9 /* ListViewController.swift */; };
		2008F5C12AD5518D00BDD1A9 /* Assets.xcassets in Resources */ = {isa = PBXBuildFile; fileRef = 2008F5C02AD5518D00BDD1A9 /* Assets.xcassets */; };
		2008F5C42AD5518D00BDD1A9 /* LaunchScreen.storyboard in Resources */ = {isa = PBXBuildFile; fileRef = 2008F5C22AD5518D00BDD1A9 /* LaunchScreen.storyboard */; };
		2008F5D42AD586FF00BDD1A9 /* Lato-Bold.ttf in Resources */ = {isa = PBXBuildFile; fileRef = 2008F5D32AD586FF00BDD1A9 /* Lato-Bold.ttf */; };
		2008F5D62AD5871E00BDD1A9 /* Lato-Regular.ttf in Resources */ = {isa = PBXBuildFile; fileRef = 2008F5D52AD5871E00BDD1A9 /* Lato-Regular.ttf */; };
		2008F5D82AD5882500BDD1A9 /* FontsConstants.swift in Sources */ = {isa = PBXBuildFile; fileRef = 2008F5D72AD5882500BDD1A9 /* FontsConstants.swift */; };
		2008F5E22AD5CB1400BDD1A9 /* PropertySkillViewModel.swift in Sources */ = {isa = PBXBuildFile; fileRef = 2008F5E12AD5CB1400BDD1A9 /* PropertySkillViewModel.swift */; };
		2008F5E42AD5D01F00BDD1A9 /* ListCell.swift in Sources */ = {isa = PBXBuildFile; fileRef = 2008F5E32AD5D01F00BDD1A9 /* ListCell.swift */; };
		2008F5E72AD5E73E00BDD1A9 /* CompositionalLayout.swift in Sources */ = {isa = PBXBuildFile; fileRef = 2008F5E62AD5E73E00BDD1A9 /* CompositionalLayout.swift */; };
		201406442AF789510078386A /* CoordinatorProtocol.swift in Sources */ = {isa = PBXBuildFile; fileRef = 201406432AF789510078386A /* CoordinatorProtocol.swift */; };
		201406462AF789640078386A /* AppCoordinator.swift in Sources */ = {isa = PBXBuildFile; fileRef = 201406452AF789630078386A /* AppCoordinator.swift */; };
		201406482AF789CB0078386A /* MainScreenCoordinator.swift in Sources */ = {isa = PBXBuildFile; fileRef = 201406472AF789CB0078386A /* MainScreenCoordinator.swift */; };
		2014064A2AF78EC80078386A /* DetailScreenCoordinator.swift in Sources */ = {isa = PBXBuildFile; fileRef = 201406492AF78EC70078386A /* DetailScreenCoordinator.swift */; };
		2014064E2AF78F6F0078386A /* CustomTransitionManager.swift in Sources */ = {isa = PBXBuildFile; fileRef = 2014064C2AF78F6F0078386A /* CustomTransitionManager.swift */; };
		2014064F2AF78F6F0078386A /* CustomTransitionAnimationHomePage.swift in Sources */ = {isa = PBXBuildFile; fileRef = 2014064D2AF78F6F0078386A /* CustomTransitionAnimationHomePage.swift */; };
		2078DD3B2ADB2FBC0040095C /* SkillsCellModel.swift in Sources */ = {isa = PBXBuildFile; fileRef = 2078DD3A2ADB2FBC0040095C /* SkillsCellModel.swift */; };
		2078DD402ADC30300040095C /* NetworkManager.swift in Sources */ = {isa = PBXBuildFile; fileRef = 2078DD3F2ADC30300040095C /* NetworkManager.swift */; };
		2078DD422ADC3E390040095C /* PokemonsListModel.swift in Sources */ = {isa = PBXBuildFile; fileRef = 2078DD412ADC3E390040095C /* PokemonsListModel.swift */; };
		2078DD442ADC42BA0040095C /* PokemonModel.swift in Sources */ = {isa = PBXBuildFile; fileRef = 2078DD432ADC42BA0040095C /* PokemonModel.swift */; };
		2078DD462ADD15ED0040095C /* ListCellModel.swift in Sources */ = {isa = PBXBuildFile; fileRef = 2078DD452ADD15ED0040095C /* ListCellModel.swift */; };
		207D908C2AD69C8B0023E309 /* LightningsView.swift in Sources */ = {isa = PBXBuildFile; fileRef = 207D908B2AD69C8B0023E309 /* LightningsView.swift */; };
		207D908E2AD7D9870023E309 /* DetailViewController.swift in Sources */ = {isa = PBXBuildFile; fileRef = 207D908D2AD7D9870023E309 /* DetailViewController.swift */; };
		207D90942AD844280023E309 /* CellForSkills.swift in Sources */ = {isa = PBXBuildFile; fileRef = 207D90932AD844280023E309 /* CellForSkills.swift */; };
		20F8C1392AEAB28F0039128D /* ViewController+Alert.swift in Sources */ = {isa = PBXBuildFile; fileRef = 20F8C1382AEAB28F0039128D /* ViewController+Alert.swift */; };
		9C3AE2D02AE91EEB008BC69F /* SDWebImage in Frameworks */ = {isa = PBXBuildFile; productRef = 9C3AE2CF2AE91EEB008BC69F /* SDWebImage */; };
		9C3AE2D22AE91EEB008BC69F /* SDWebImageMapKit in Frameworks */ = {isa = PBXBuildFile; productRef = 9C3AE2D12AE91EEB008BC69F /* SDWebImageMapKit */; };
		9C3AE2D62AE930A6008BC69F /* String+Extension.swift in Sources */ = {isa = PBXBuildFile; fileRef = 9C3AE2D52AE930A6008BC69F /* String+Extension.swift */; };
		9C3AE2D82AE9419F008BC69F /* PokemonAbility..swift in Sources */ = {isa = PBXBuildFile; fileRef = 9C3AE2D72AE9419F008BC69F /* PokemonAbility..swift */; };
		9C6BA8072AE9871600260A0D /* SegmentButton.swift in Sources */ = {isa = PBXBuildFile; fileRef = 9C6BA8062AE9871600260A0D /* SegmentButton.swift */; };
		9C6BA80B2AE9895500260A0D /* ChoosingSegmentView.swift in Sources */ = {isa = PBXBuildFile; fileRef = 9C6BA80A2AE9895500260A0D /* ChoosingSegmentView.swift */; };
		9C6BA80D2AE99FF300260A0D /* ListPokemonViwModel.swift in Sources */ = {isa = PBXBuildFile; fileRef = 9C6BA80C2AE99FF300260A0D /* ListPokemonViwModel.swift */; };
/* End PBXBuildFile section */

/* Begin PBXFileReference section */
		2008F5B42AD5518A00BDD1A9 /* PokemonApp.app */ = {isa = PBXFileReference; explicitFileType = wrapper.application; includeInIndex = 0; path = PokemonApp.app; sourceTree = BUILT_PRODUCTS_DIR; };
		2008F5B72AD5518A00BDD1A9 /* AppDelegate.swift */ = {isa = PBXFileReference; lastKnownFileType = sourcecode.swift; path = AppDelegate.swift; sourceTree = "<group>"; };
		2008F5B92AD5518A00BDD1A9 /* SceneDelegate.swift */ = {isa = PBXFileReference; lastKnownFileType = sourcecode.swift; path = SceneDelegate.swift; sourceTree = "<group>"; };
		2008F5BB2AD5518A00BDD1A9 /* ListViewController.swift */ = {isa = PBXFileReference; lastKnownFileType = sourcecode.swift; path = ListViewController.swift; sourceTree = "<group>"; };
		2008F5C02AD5518D00BDD1A9 /* Assets.xcassets */ = {isa = PBXFileReference; lastKnownFileType = folder.assetcatalog; path = Assets.xcassets; sourceTree = "<group>"; };
		2008F5C32AD5518D00BDD1A9 /* Base */ = {isa = PBXFileReference; lastKnownFileType = file.storyboard; name = Base; path = Base.lproj/LaunchScreen.storyboard; sourceTree = "<group>"; };
		2008F5C52AD5518E00BDD1A9 /* Info.plist */ = {isa = PBXFileReference; lastKnownFileType = text.plist.xml; path = Info.plist; sourceTree = "<group>"; };
		2008F5D32AD586FF00BDD1A9 /* Lato-Bold.ttf */ = {isa = PBXFileReference; lastKnownFileType = file; path = "Lato-Bold.ttf"; sourceTree = "<group>"; };
		2008F5D52AD5871E00BDD1A9 /* Lato-Regular.ttf */ = {isa = PBXFileReference; lastKnownFileType = file; path = "Lato-Regular.ttf"; sourceTree = "<group>"; };
		2008F5D72AD5882500BDD1A9 /* FontsConstants.swift */ = {isa = PBXFileReference; lastKnownFileType = sourcecode.swift; path = FontsConstants.swift; sourceTree = "<group>"; };
		2008F5E12AD5CB1400BDD1A9 /* PropertySkillViewModel.swift */ = {isa = PBXFileReference; lastKnownFileType = sourcecode.swift; path = PropertySkillViewModel.swift; sourceTree = "<group>"; };
		2008F5E32AD5D01F00BDD1A9 /* ListCell.swift */ = {isa = PBXFileReference; lastKnownFileType = sourcecode.swift; path = ListCell.swift; sourceTree = "<group>"; };
		2008F5E62AD5E73E00BDD1A9 /* CompositionalLayout.swift */ = {isa = PBXFileReference; fileEncoding = 4; lastKnownFileType = sourcecode.swift; path = CompositionalLayout.swift; sourceTree = "<group>"; };
		201406432AF789510078386A /* CoordinatorProtocol.swift */ = {isa = PBXFileReference; fileEncoding = 4; lastKnownFileType = sourcecode.swift; path = CoordinatorProtocol.swift; sourceTree = "<group>"; };
		201406452AF789630078386A /* AppCoordinator.swift */ = {isa = PBXFileReference; fileEncoding = 4; lastKnownFileType = sourcecode.swift; path = AppCoordinator.swift; sourceTree = "<group>"; };
		201406472AF789CB0078386A /* MainScreenCoordinator.swift */ = {isa = PBXFileReference; fileEncoding = 4; lastKnownFileType = sourcecode.swift; path = MainScreenCoordinator.swift; sourceTree = "<group>"; };
		201406492AF78EC70078386A /* DetailScreenCoordinator.swift */ = {isa = PBXFileReference; lastKnownFileType = sourcecode.swift; path = DetailScreenCoordinator.swift; sourceTree = "<group>"; };
		2014064C2AF78F6F0078386A /* CustomTransitionManager.swift */ = {isa = PBXFileReference; fileEncoding = 4; lastKnownFileType = sourcecode.swift; path = CustomTransitionManager.swift; sourceTree = "<group>"; };
		2014064D2AF78F6F0078386A /* CustomTransitionAnimationHomePage.swift */ = {isa = PBXFileReference; fileEncoding = 4; lastKnownFileType = sourcecode.swift; path = CustomTransitionAnimationHomePage.swift; sourceTree = "<group>"; };
		2078DD3A2ADB2FBC0040095C /* SkillsCellModel.swift */ = {isa = PBXFileReference; lastKnownFileType = sourcecode.swift; path = SkillsCellModel.swift; sourceTree = "<group>"; };
		2078DD3F2ADC30300040095C /* NetworkManager.swift */ = {isa = PBXFileReference; lastKnownFileType = sourcecode.swift; path = NetworkManager.swift; sourceTree = "<group>"; };
		2078DD412ADC3E390040095C /* PokemonsListModel.swift */ = {isa = PBXFileReference; lastKnownFileType = sourcecode.swift; path = PokemonsListModel.swift; sourceTree = "<group>"; };
		2078DD432ADC42BA0040095C /* PokemonModel.swift */ = {isa = PBXFileReference; lastKnownFileType = sourcecode.swift; path = PokemonModel.swift; sourceTree = "<group>"; };
		2078DD452ADD15ED0040095C /* ListCellModel.swift */ = {isa = PBXFileReference; lastKnownFileType = sourcecode.swift; path = ListCellModel.swift; sourceTree = "<group>"; };
		207D908B2AD69C8B0023E309 /* LightningsView.swift */ = {isa = PBXFileReference; lastKnownFileType = sourcecode.swift; path = LightningsView.swift; sourceTree = "<group>"; };
		207D908D2AD7D9870023E309 /* DetailViewController.swift */ = {isa = PBXFileReference; lastKnownFileType = sourcecode.swift; path = DetailViewController.swift; sourceTree = "<group>"; };
		207D90932AD844280023E309 /* CellForSkills.swift */ = {isa = PBXFileReference; lastKnownFileType = sourcecode.swift; path = CellForSkills.swift; sourceTree = "<group>"; };
		20F8C1382AEAB28F0039128D /* ViewController+Alert.swift */ = {isa = PBXFileReference; lastKnownFileType = sourcecode.swift; path = "ViewController+Alert.swift"; sourceTree = "<group>"; };
		9C3AE2D52AE930A6008BC69F /* String+Extension.swift */ = {isa = PBXFileReference; lastKnownFileType = sourcecode.swift; path = "String+Extension.swift"; sourceTree = "<group>"; };
		9C3AE2D72AE9419F008BC69F /* PokemonAbility..swift */ = {isa = PBXFileReference; lastKnownFileType = sourcecode.swift; path = PokemonAbility..swift; sourceTree = "<group>"; };
		9C6BA8062AE9871600260A0D /* SegmentButton.swift */ = {isa = PBXFileReference; lastKnownFileType = sourcecode.swift; path = SegmentButton.swift; sourceTree = "<group>"; };
		9C6BA80A2AE9895500260A0D /* ChoosingSegmentView.swift */ = {isa = PBXFileReference; lastKnownFileType = sourcecode.swift; path = ChoosingSegmentView.swift; sourceTree = "<group>"; };
		9C6BA80C2AE99FF300260A0D /* ListPokemonViwModel.swift */ = {isa = PBXFileReference; lastKnownFileType = sourcecode.swift; path = ListPokemonViwModel.swift; sourceTree = "<group>"; };
/* End PBXFileReference section */

/* Begin PBXFrameworksBuildPhase section */
		2008F5B12AD5518A00BDD1A9 /* Frameworks */ = {
			isa = PBXFrameworksBuildPhase;
			buildActionMask = 2147483647;
			files = (
				9C3AE2D22AE91EEB008BC69F /* SDWebImageMapKit in Frameworks */,
				9C3AE2D02AE91EEB008BC69F /* SDWebImage in Frameworks */,
			);
			runOnlyForDeploymentPostprocessing = 0;
		};
/* End PBXFrameworksBuildPhase section */

/* Begin PBXGroup section */
		2008F5AB2AD5518A00BDD1A9 = {
			isa = PBXGroup;
			children = (
				2008F5B62AD5518A00BDD1A9 /* PokemonApp */,
				2008F5B52AD5518A00BDD1A9 /* Products */,
			);
			sourceTree = "<group>";
		};
		2008F5B52AD5518A00BDD1A9 /* Products */ = {
			isa = PBXGroup;
			children = (
				2008F5B42AD5518A00BDD1A9 /* PokemonApp.app */,
			);
			name = Products;
			sourceTree = "<group>";
		};
		2008F5B62AD5518A00BDD1A9 /* PokemonApp */ = {
			isa = PBXGroup;
			children = (
				2008F5CB2AD557B500BDD1A9 /* Applications */,
				201406422AF789310078386A /* Coordinator */,
				207D90882AD685100023E309 /* Extensions */,
				2008F5E52AD5E73E00BDD1A9 /* CompositionalLayout */,
				2008F5D92AD5883600BDD1A9 /* Enums */,
				2078DD392ADB27210040095C /* Controllers */,
				2078DD382ADB26DF0040095C /* Cells */,
				2078DD3E2ADC2FCC0040095C /* Manager */,
				2008F5CF2AD5593E00BDD1A9 /* Models */,
				2008F5CC2AD557E300BDD1A9 /* ViewModel */,
				2008F5CD2AD5583100BDD1A9 /* View */,
				2008F5D02AD5595100BDD1A9 /* Resourses */,
			);
			path = PokemonApp;
			sourceTree = "<group>";
		};
		2008F5CB2AD557B500BDD1A9 /* Applications */ = {
			isa = PBXGroup;
			children = (
				2008F5B72AD5518A00BDD1A9 /* AppDelegate.swift */,
				2008F5B92AD5518A00BDD1A9 /* SceneDelegate.swift */,
			);
			path = Applications;
			sourceTree = "<group>";
		};
		2008F5CC2AD557E300BDD1A9 /* ViewModel */ = {
			isa = PBXGroup;
			children = (
				9C6BA80C2AE99FF300260A0D /* ListPokemonViwModel.swift */,
				2008F5E12AD5CB1400BDD1A9 /* PropertySkillViewModel.swift */,
			);
			path = ViewModel;
			sourceTree = "<group>";
		};
		2008F5CD2AD5583100BDD1A9 /* View */ = {
			isa = PBXGroup;
			children = (
				207D908B2AD69C8B0023E309 /* LightningsView.swift */,
				9C6BA8062AE9871600260A0D /* SegmentButton.swift */,
				9C6BA80A2AE9895500260A0D /* ChoosingSegmentView.swift */,
			);
			path = View;
			sourceTree = "<group>";
		};
		2008F5CF2AD5593E00BDD1A9 /* Models */ = {
			isa = PBXGroup;
			children = (
				9C3AE2CB2AE91983008BC69F /* PokemonDescription */,
				9C3AE2CA2AE8FA35008BC69F /* PokemonList */,
			);
			path = Models;
			sourceTree = "<group>";
		};
		2008F5D02AD5595100BDD1A9 /* Resourses */ = {
			isa = PBXGroup;
			children = (
				2008F5C02AD5518D00BDD1A9 /* Assets.xcassets */,
				2008F5C22AD5518D00BDD1A9 /* LaunchScreen.storyboard */,
				2008F5C52AD5518E00BDD1A9 /* Info.plist */,
				2008F5D12AD5866200BDD1A9 /* Fonts */,
			);
			path = Resourses;
			sourceTree = "<group>";
		};
		2008F5D12AD5866200BDD1A9 /* Fonts */ = {
			isa = PBXGroup;
			children = (
				2008F5D52AD5871E00BDD1A9 /* Lato-Regular.ttf */,
				2008F5D32AD586FF00BDD1A9 /* Lato-Bold.ttf */,
			);
			path = Fonts;
			sourceTree = "<group>";
		};
		2008F5D92AD5883600BDD1A9 /* Enums */ = {
			isa = PBXGroup;
			children = (
				2008F5D72AD5882500BDD1A9 /* FontsConstants.swift */,
			);
			path = Enums;
			sourceTree = "<group>";
		};
		2008F5E52AD5E73E00BDD1A9 /* CompositionalLayout */ = {
			isa = PBXGroup;
			children = (
				2008F5E62AD5E73E00BDD1A9 /* CompositionalLayout.swift */,
			);
			path = CompositionalLayout;
			sourceTree = "<group>";
		};
		201406422AF789310078386A /* Coordinator */ = {
			isa = PBXGroup;
			children = (
				201406432AF789510078386A /* CoordinatorProtocol.swift */,
				201406452AF789630078386A /* AppCoordinator.swift */,
				201406472AF789CB0078386A /* MainScreenCoordinator.swift */,
				201406492AF78EC70078386A /* DetailScreenCoordinator.swift */,
			);
			path = Coordinator;
			sourceTree = "<group>";
		};
		2014064B2AF78F6F0078386A /* CustomTransitionManager */ = {
			isa = PBXGroup;
			children = (
				2014064C2AF78F6F0078386A /* CustomTransitionManager.swift */,
				2014064D2AF78F6F0078386A /* CustomTransitionAnimationHomePage.swift */,
			);
			path = CustomTransitionManager;
			sourceTree = "<group>";
		};
		2078DD382ADB26DF0040095C /* Cells */ = {
			isa = PBXGroup;
			children = (
				2008F5E32AD5D01F00BDD1A9 /* ListCell.swift */,
				207D90932AD844280023E309 /* CellForSkills.swift */,
			);
			path = Cells;
			sourceTree = "<group>";
		};
		2078DD392ADB27210040095C /* Controllers */ = {
			isa = PBXGroup;
			children = (
				2008F5BB2AD5518A00BDD1A9 /* ListViewController.swift */,
				207D908D2AD7D9870023E309 /* DetailViewController.swift */,
			);
			path = Controllers;
			sourceTree = "<group>";
		};
		2078DD3E2ADC2FCC0040095C /* Manager */ = {
			isa = PBXGroup;
			children = (
				2014064B2AF78F6F0078386A /* CustomTransitionManager */,
				2078DD3F2ADC30300040095C /* NetworkManager.swift */,
			);
			path = Manager;
			sourceTree = "<group>";
		};
		207D90882AD685100023E309 /* Extensions */ = {
			isa = PBXGroup;
			children = (
				9C3AE2D52AE930A6008BC69F /* String+Extension.swift */,
				20F8C1382AEAB28F0039128D /* ViewController+Alert.swift */,
			);
			path = Extensions;
			sourceTree = "<group>";
		};
		9C3AE2CA2AE8FA35008BC69F /* PokemonList */ = {
			isa = PBXGroup;
			children = (
				2078DD452ADD15ED0040095C /* ListCellModel.swift */,
				2078DD412ADC3E390040095C /* PokemonsListModel.swift */,
				2078DD432ADC42BA0040095C /* PokemonModel.swift */,
				9C3AE2D72AE9419F008BC69F /* PokemonAbility..swift */,
			);
			path = PokemonList;
			sourceTree = "<group>";
		};
		9C3AE2CB2AE91983008BC69F /* PokemonDescription */ = {
			isa = PBXGroup;
			children = (
				2078DD3A2ADB2FBC0040095C /* SkillsCellModel.swift */,
			);
			path = PokemonDescription;
			sourceTree = "<group>";
		};
/* End PBXGroup section */

/* Begin PBXNativeTarget section */
		2008F5B32AD5518A00BDD1A9 /* PokemonApp */ = {
			isa = PBXNativeTarget;
			buildConfigurationList = 2008F5C82AD5518E00BDD1A9 /* Build configuration list for PBXNativeTarget "PokemonApp" */;
			buildPhases = (
				2008F5B02AD5518A00BDD1A9 /* Sources */,
				2008F5B12AD5518A00BDD1A9 /* Frameworks */,
				2008F5B22AD5518A00BDD1A9 /* Resources */,
			);
			buildRules = (
			);
			dependencies = (
			);
			name = PokemonApp;
			packageProductDependencies = (
				9C3AE2CF2AE91EEB008BC69F /* SDWebImage */,
				9C3AE2D12AE91EEB008BC69F /* SDWebImageMapKit */,
			);
			productName = PokemonApp;
			productReference = 2008F5B42AD5518A00BDD1A9 /* PokemonApp.app */;
			productType = "com.apple.product-type.application";
		};
/* End PBXNativeTarget section */

/* Begin PBXProject section */
		2008F5AC2AD5518A00BDD1A9 /* Project object */ = {
			isa = PBXProject;
			attributes = {
				BuildIndependentTargetsInParallel = 1;
				LastSwiftUpdateCheck = 1430;
				LastUpgradeCheck = 1430;
				TargetAttributes = {
					2008F5B32AD5518A00BDD1A9 = {
						CreatedOnToolsVersion = 14.3.1;
					};
				};
			};
			buildConfigurationList = 2008F5AF2AD5518A00BDD1A9 /* Build configuration list for PBXProject "PokemonApp" */;
			compatibilityVersion = "Xcode 14.0";
			developmentRegion = en;
			hasScannedForEncodings = 0;
			knownRegions = (
				en,
				Base,
			);
			mainGroup = 2008F5AB2AD5518A00BDD1A9;
			packageReferences = (
				9C3AE2CE2AE91EEB008BC69F /* XCRemoteSwiftPackageReference "SDWebImage" */,
			);
			productRefGroup = 2008F5B52AD5518A00BDD1A9 /* Products */;
			projectDirPath = "";
			projectRoot = "";
			targets = (
				2008F5B32AD5518A00BDD1A9 /* PokemonApp */,
			);
		};
/* End PBXProject section */

/* Begin PBXResourcesBuildPhase section */
		2008F5B22AD5518A00BDD1A9 /* Resources */ = {
			isa = PBXResourcesBuildPhase;
			buildActionMask = 2147483647;
			files = (
				2008F5C42AD5518D00BDD1A9 /* LaunchScreen.storyboard in Resources */,
				2008F5D42AD586FF00BDD1A9 /* Lato-Bold.ttf in Resources */,
				2008F5C12AD5518D00BDD1A9 /* Assets.xcassets in Resources */,
				2008F5D62AD5871E00BDD1A9 /* Lato-Regular.ttf in Resources */,
			);
			runOnlyForDeploymentPostprocessing = 0;
		};
/* End PBXResourcesBuildPhase section */

/* Begin PBXSourcesBuildPhase section */
		2008F5B02AD5518A00BDD1A9 /* Sources */ = {
			isa = PBXSourcesBuildPhase;
			buildActionMask = 2147483647;
			files = (
				2014064F2AF78F6F0078386A /* CustomTransitionAnimationHomePage.swift in Sources */,
				207D90942AD844280023E309 /* CellForSkills.swift in Sources */,
				2008F5BC2AD5518A00BDD1A9 /* ListViewController.swift in Sources */,
				207D908C2AD69C8B0023E309 /* LightningsView.swift in Sources */,
				2014064E2AF78F6F0078386A /* CustomTransitionManager.swift in Sources */,
				9C6BA8072AE9871600260A0D /* SegmentButton.swift in Sources */,
				2008F5B82AD5518A00BDD1A9 /* AppDelegate.swift in Sources */,
				2008F5E42AD5D01F00BDD1A9 /* ListCell.swift in Sources */,
				201406462AF789640078386A /* AppCoordinator.swift in Sources */,
				201406442AF789510078386A /* CoordinatorProtocol.swift in Sources */,
				2008F5E22AD5CB1400BDD1A9 /* PropertySkillViewModel.swift in Sources */,
				2014064A2AF78EC80078386A /* DetailScreenCoordinator.swift in Sources */,
				2078DD422ADC3E390040095C /* PokemonsListModel.swift in Sources */,
				20F8C1392AEAB28F0039128D /* ViewController+Alert.swift in Sources */,
				2008F5D82AD5882500BDD1A9 /* FontsConstants.swift in Sources */,
				9C3AE2D62AE930A6008BC69F /* String+Extension.swift in Sources */,
				2078DD3B2ADB2FBC0040095C /* SkillsCellModel.swift in Sources */,
				2078DD462ADD15ED0040095C /* ListCellModel.swift in Sources */,
				201406482AF789CB0078386A /* MainScreenCoordinator.swift in Sources */,
				2078DD402ADC30300040095C /* NetworkManager.swift in Sources */,
				2008F5BA2AD5518A00BDD1A9 /* SceneDelegate.swift in Sources */,
				207D908E2AD7D9870023E309 /* DetailViewController.swift in Sources */,
				2008F5E72AD5E73E00BDD1A9 /* CompositionalLayout.swift in Sources */,
				9C3AE2D82AE9419F008BC69F /* PokemonAbility..swift in Sources */,
				2078DD442ADC42BA0040095C /* PokemonModel.swift in Sources */,
				9C6BA80D2AE99FF300260A0D /* ListPokemonViwModel.swift in Sources */,
				9C6BA80B2AE9895500260A0D /* ChoosingSegmentView.swift in Sources */,
			);
			runOnlyForDeploymentPostprocessing = 0;
		};
/* End PBXSourcesBuildPhase section */

/* Begin PBXVariantGroup section */
		2008F5C22AD5518D00BDD1A9 /* LaunchScreen.storyboard */ = {
			isa = PBXVariantGroup;
			children = (
				2008F5C32AD5518D00BDD1A9 /* Base */,
			);
			name = LaunchScreen.storyboard;
			sourceTree = "<group>";
		};
/* End PBXVariantGroup section */

/* Begin XCBuildConfiguration section */
		2008F5C62AD5518E00BDD1A9 /* Debug */ = {
			isa = XCBuildConfiguration;
			buildSettings = {
				ALWAYS_SEARCH_USER_PATHS = NO;
				CLANG_ANALYZER_NONNULL = YES;
				CLANG_ANALYZER_NUMBER_OBJECT_CONVERSION = YES_AGGRESSIVE;
				CLANG_CXX_LANGUAGE_STANDARD = "gnu++20";
				CLANG_ENABLE_MODULES = YES;
				CLANG_ENABLE_OBJC_ARC = YES;
				CLANG_ENABLE_OBJC_WEAK = YES;
				CLANG_WARN_BLOCK_CAPTURE_AUTORELEASING = YES;
				CLANG_WARN_BOOL_CONVERSION = YES;
				CLANG_WARN_COMMA = YES;
				CLANG_WARN_CONSTANT_CONVERSION = YES;
				CLANG_WARN_DEPRECATED_OBJC_IMPLEMENTATIONS = YES;
				CLANG_WARN_DIRECT_OBJC_ISA_USAGE = YES_ERROR;
				CLANG_WARN_DOCUMENTATION_COMMENTS = YES;
				CLANG_WARN_EMPTY_BODY = YES;
				CLANG_WARN_ENUM_CONVERSION = YES;
				CLANG_WARN_INFINITE_RECURSION = YES;
				CLANG_WARN_INT_CONVERSION = YES;
				CLANG_WARN_NON_LITERAL_NULL_CONVERSION = YES;
				CLANG_WARN_OBJC_IMPLICIT_RETAIN_SELF = YES;
				CLANG_WARN_OBJC_LITERAL_CONVERSION = YES;
				CLANG_WARN_OBJC_ROOT_CLASS = YES_ERROR;
				CLANG_WARN_QUOTED_INCLUDE_IN_FRAMEWORK_HEADER = YES;
				CLANG_WARN_RANGE_LOOP_ANALYSIS = YES;
				CLANG_WARN_STRICT_PROTOTYPES = YES;
				CLANG_WARN_SUSPICIOUS_MOVE = YES;
				CLANG_WARN_UNGUARDED_AVAILABILITY = YES_AGGRESSIVE;
				CLANG_WARN_UNREACHABLE_CODE = YES;
				CLANG_WARN__DUPLICATE_METHOD_MATCH = YES;
				COPY_PHASE_STRIP = NO;
				DEBUG_INFORMATION_FORMAT = dwarf;
				ENABLE_STRICT_OBJC_MSGSEND = YES;
				ENABLE_TESTABILITY = YES;
				GCC_C_LANGUAGE_STANDARD = gnu11;
				GCC_DYNAMIC_NO_PIC = NO;
				GCC_NO_COMMON_BLOCKS = YES;
				GCC_OPTIMIZATION_LEVEL = 0;
				GCC_PREPROCESSOR_DEFINITIONS = (
					"DEBUG=1",
					"$(inherited)",
				);
				GCC_WARN_64_TO_32_BIT_CONVERSION = YES;
				GCC_WARN_ABOUT_RETURN_TYPE = YES_ERROR;
				GCC_WARN_UNDECLARED_SELECTOR = YES;
				GCC_WARN_UNINITIALIZED_AUTOS = YES_AGGRESSIVE;
				GCC_WARN_UNUSED_FUNCTION = YES;
				GCC_WARN_UNUSED_VARIABLE = YES;
				IPHONEOS_DEPLOYMENT_TARGET = 16.4;
				MTL_ENABLE_DEBUG_INFO = INCLUDE_SOURCE;
				MTL_FAST_MATH = YES;
				ONLY_ACTIVE_ARCH = YES;
				SDKROOT = iphoneos;
				SWIFT_ACTIVE_COMPILATION_CONDITIONS = DEBUG;
				SWIFT_OPTIMIZATION_LEVEL = "-Onone";
			};
			name = Debug;
		};
		2008F5C72AD5518E00BDD1A9 /* Release */ = {
			isa = XCBuildConfiguration;
			buildSettings = {
				ALWAYS_SEARCH_USER_PATHS = NO;
				CLANG_ANALYZER_NONNULL = YES;
				CLANG_ANALYZER_NUMBER_OBJECT_CONVERSION = YES_AGGRESSIVE;
				CLANG_CXX_LANGUAGE_STANDARD = "gnu++20";
				CLANG_ENABLE_MODULES = YES;
				CLANG_ENABLE_OBJC_ARC = YES;
				CLANG_ENABLE_OBJC_WEAK = YES;
				CLANG_WARN_BLOCK_CAPTURE_AUTORELEASING = YES;
				CLANG_WARN_BOOL_CONVERSION = YES;
				CLANG_WARN_COMMA = YES;
				CLANG_WARN_CONSTANT_CONVERSION = YES;
				CLANG_WARN_DEPRECATED_OBJC_IMPLEMENTATIONS = YES;
				CLANG_WARN_DIRECT_OBJC_ISA_USAGE = YES_ERROR;
				CLANG_WARN_DOCUMENTATION_COMMENTS = YES;
				CLANG_WARN_EMPTY_BODY = YES;
				CLANG_WARN_ENUM_CONVERSION = YES;
				CLANG_WARN_INFINITE_RECURSION = YES;
				CLANG_WARN_INT_CONVERSION = YES;
				CLANG_WARN_NON_LITERAL_NULL_CONVERSION = YES;
				CLANG_WARN_OBJC_IMPLICIT_RETAIN_SELF = YES;
				CLANG_WARN_OBJC_LITERAL_CONVERSION = YES;
				CLANG_WARN_OBJC_ROOT_CLASS = YES_ERROR;
				CLANG_WARN_QUOTED_INCLUDE_IN_FRAMEWORK_HEADER = YES;
				CLANG_WARN_RANGE_LOOP_ANALYSIS = YES;
				CLANG_WARN_STRICT_PROTOTYPES = YES;
				CLANG_WARN_SUSPICIOUS_MOVE = YES;
				CLANG_WARN_UNGUARDED_AVAILABILITY = YES_AGGRESSIVE;
				CLANG_WARN_UNREACHABLE_CODE = YES;
				CLANG_WARN__DUPLICATE_METHOD_MATCH = YES;
				COPY_PHASE_STRIP = NO;
				DEBUG_INFORMATION_FORMAT = "dwarf-with-dsym";
				ENABLE_NS_ASSERTIONS = NO;
				ENABLE_STRICT_OBJC_MSGSEND = YES;
				GCC_C_LANGUAGE_STANDARD = gnu11;
				GCC_NO_COMMON_BLOCKS = YES;
				GCC_WARN_64_TO_32_BIT_CONVERSION = YES;
				GCC_WARN_ABOUT_RETURN_TYPE = YES_ERROR;
				GCC_WARN_UNDECLARED_SELECTOR = YES;
				GCC_WARN_UNINITIALIZED_AUTOS = YES_AGGRESSIVE;
				GCC_WARN_UNUSED_FUNCTION = YES;
				GCC_WARN_UNUSED_VARIABLE = YES;
				IPHONEOS_DEPLOYMENT_TARGET = 16.4;
				MTL_ENABLE_DEBUG_INFO = NO;
				MTL_FAST_MATH = YES;
				SDKROOT = iphoneos;
				SWIFT_COMPILATION_MODE = wholemodule;
				SWIFT_OPTIMIZATION_LEVEL = "-O";
				VALIDATE_PRODUCT = YES;
			};
			name = Release;
		};
		2008F5C92AD5518E00BDD1A9 /* Debug */ = {
			isa = XCBuildConfiguration;
			buildSettings = {
				ASSETCATALOG_COMPILER_APPICON_NAME = AppIcon;
				ASSETCATALOG_COMPILER_GLOBAL_ACCENT_COLOR_NAME = AccentColor;
				CODE_SIGN_STYLE = Automatic;
				CURRENT_PROJECT_VERSION = 1;
				GENERATE_INFOPLIST_FILE = YES;
				INFOPLIST_FILE = PokemonApp/Resourses/Info.plist;
				INFOPLIST_KEY_UIApplicationSupportsIndirectInputEvents = YES;
				INFOPLIST_KEY_UILaunchStoryboardName = LaunchScreen;
				INFOPLIST_KEY_UISupportedInterfaceOrientations_iPad = "UIInterfaceOrientationPortrait UIInterfaceOrientationPortraitUpsideDown UIInterfaceOrientationLandscapeLeft UIInterfaceOrientationLandscapeRight";
				INFOPLIST_KEY_UISupportedInterfaceOrientations_iPhone = "UIInterfaceOrientationPortrait UIInterfaceOrientationLandscapeLeft UIInterfaceOrientationLandscapeRight";
				LD_RUNPATH_SEARCH_PATHS = (
					"$(inherited)",
					"@executable_path/Frameworks",
				);
				MARKETING_VERSION = 1.0;
				PRODUCT_BUNDLE_IDENTIFIER = sova.PokemonApp;
				PRODUCT_NAME = "$(TARGET_NAME)";
				SWIFT_EMIT_LOC_STRINGS = YES;
				SWIFT_VERSION = 5.0;
				TARGETED_DEVICE_FAMILY = "1,2";
			};
			name = Debug;
		};
		2008F5CA2AD5518E00BDD1A9 /* Release */ = {
			isa = XCBuildConfiguration;
			buildSettings = {
				ASSETCATALOG_COMPILER_APPICON_NAME = AppIcon;
				ASSETCATALOG_COMPILER_GLOBAL_ACCENT_COLOR_NAME = AccentColor;
				CODE_SIGN_STYLE = Automatic;
				CURRENT_PROJECT_VERSION = 1;
				GENERATE_INFOPLIST_FILE = YES;
				INFOPLIST_FILE = PokemonApp/Resourses/Info.plist;
				INFOPLIST_KEY_UIApplicationSupportsIndirectInputEvents = YES;
				INFOPLIST_KEY_UILaunchStoryboardName = LaunchScreen;
				INFOPLIST_KEY_UISupportedInterfaceOrientations_iPad = "UIInterfaceOrientationPortrait UIInterfaceOrientationPortraitUpsideDown UIInterfaceOrientationLandscapeLeft UIInterfaceOrientationLandscapeRight";
				INFOPLIST_KEY_UISupportedInterfaceOrientations_iPhone = "UIInterfaceOrientationPortrait UIInterfaceOrientationLandscapeLeft UIInterfaceOrientationLandscapeRight";
				LD_RUNPATH_SEARCH_PATHS = (
					"$(inherited)",
					"@executable_path/Frameworks",
				);
				MARKETING_VERSION = 1.0;
				PRODUCT_BUNDLE_IDENTIFIER = sova.PokemonApp;
				PRODUCT_NAME = "$(TARGET_NAME)";
				SWIFT_EMIT_LOC_STRINGS = YES;
				SWIFT_VERSION = 5.0;
				TARGETED_DEVICE_FAMILY = "1,2";
			};
			name = Release;
		};
/* End XCBuildConfiguration section */

/* Begin XCConfigurationList section */
		2008F5AF2AD5518A00BDD1A9 /* Build configuration list for PBXProject "PokemonApp" */ = {
			isa = XCConfigurationList;
			buildConfigurations = (
				2008F5C62AD5518E00BDD1A9 /* Debug */,
				2008F5C72AD5518E00BDD1A9 /* Release */,
			);
			defaultConfigurationIsVisible = 0;
			defaultConfigurationName = Release;
		};
		2008F5C82AD5518E00BDD1A9 /* Build configuration list for PBXNativeTarget "PokemonApp" */ = {
			isa = XCConfigurationList;
			buildConfigurations = (
				2008F5C92AD5518E00BDD1A9 /* Debug */,
				2008F5CA2AD5518E00BDD1A9 /* Release */,
			);
			defaultConfigurationIsVisible = 0;
			defaultConfigurationName = Release;
		};
/* End XCConfigurationList section */

/* Begin XCRemoteSwiftPackageReference section */
		9C3AE2CE2AE91EEB008BC69F /* XCRemoteSwiftPackageReference "SDWebImage" */ = {
			isa = XCRemoteSwiftPackageReference;
			repositoryURL = "https://github.com/SDWebImage/SDWebImage";
			requirement = {
				kind = upToNextMajorVersion;
				minimumVersion = 5.18.3;
			};
		};
/* End XCRemoteSwiftPackageReference section */

/* Begin XCSwiftPackageProductDependency section */
		9C3AE2CF2AE91EEB008BC69F /* SDWebImage */ = {
			isa = XCSwiftPackageProductDependency;
			package = 9C3AE2CE2AE91EEB008BC69F /* XCRemoteSwiftPackageReference "SDWebImage" */;
			productName = SDWebImage;
		};
		9C3AE2D12AE91EEB008BC69F /* SDWebImageMapKit */ = {
			isa = XCSwiftPackageProductDependency;
			package = 9C3AE2CE2AE91EEB008BC69F /* XCRemoteSwiftPackageReference "SDWebImage" */;
			productName = SDWebImageMapKit;
		};
/* End XCSwiftPackageProductDependency section */
	};
	rootObject = 2008F5AC2AD5518A00BDD1A9 /* Project object */;
}
